
Microsoft Visual Studio Solution File, Format Version 12.00
# Visual Studio Version 16
VisualStudioVersion = 16.0.29920.165
MinimumVisualStudioVersion = 10.0.40219.1
Project("{FAE04EC0-301F-11D3-BF4B-00C04F79EFBC}") = "UnitTestProject1", "UnitTestProject1\UnitTestProject1.csproj", "{4DBE2F42-C47F-480A-BEA4-BC0DEEE74B58}"
EndProject
Global
	GlobalSection(SolutionConfigurationPlatforms) = preSolution
		Debug|Any CPU = Debug|Any CPU
		Release|Any CPU = Release|Any CPU
	EndGlobalSection
	GlobalSection(ProjectConfigurationPlatforms) = postSolution
		{4DBE2F42-C47F-480A-BEA4-BC0DEEE74B58}.Debug|Any CPU.ActiveCfg = Debug|Any CPU
		{4DBE2F42-C47F-480A-BEA4-BC0DEEE74B58}.Debug|Any CPU.Build.0 = Debug|Any CPU
		{4DBE2F42-C47F-480A-BEA4-BC0DEEE74B58}.Release|Any CPU.ActiveCfg = Release|Any CPU
		{4DBE2F42-C47F-480A-BEA4-BC0DEEE74B58}.Release|Any CPU.Build.0 = Release|Any CPU
	EndGlobalSection
	GlobalSection(SolutionProperties) = preSolution
		HideSolutionNode = FALSE
	EndGlobalSection
	GlobalSection(ExtensibilityGlobals) = postSolution
		SolutionGuid = {7322AC32-A821-4328-9A63-116D738FCD8C}
	EndGlobalSection
EndGlobal
